// !$*UTF8*$!
{
	archiveVersion = 1;
	classes = {
	};
	objectVersion = 46;
	objects = {

/* Begin PBXBuildFile section */
		640DA0331DA52B08003B6324 /* PlaySoundsViewController.swift in Sources */ = {isa = PBXBuildFile; fileRef = 640DA0321DA52B08003B6324 /* PlaySoundsViewController.swift */; };
		640DA0351DA5337C003B6324 /* PlaySoundsViewController+Audio.swift in Sources */ = {isa = PBXBuildFile; fileRef = 640DA0341DA5337C003B6324 /* PlaySoundsViewController+Audio.swift */; };
		641616351DA288B200D389AC /* AppDelegate.swift in Sources */ = {isa = PBXBuildFile; fileRef = 641616341DA288B200D389AC /* AppDelegate.swift */; };
		641616371DA288B200D389AC /* RecordSoundsViewController.swift in Sources */ = {isa = PBXBuildFile; fileRef = 641616361DA288B200D389AC /* RecordSoundsViewController.swift */; };
		6416163A1DA288B200D389AC /* Main.storyboard in Resources */ = {isa = PBXBuildFile; fileRef = 641616381DA288B200D389AC /* Main.storyboard */; };
		6416163C1DA288B200D389AC /* Assets.xcassets in Resources */ = {isa = PBXBuildFile; fileRef = 6416163B1DA288B200D389AC /* Assets.xcassets */; };
		6416163F1DA288B200D389AC /* LaunchScreen.storyboard in Resources */ = {isa = PBXBuildFile; fileRef = 6416163D1DA288B200D389AC /* LaunchScreen.storyboard */; };
/* End PBXBuildFile section */

/* Begin PBXFileReference section */
		640DA0321DA52B08003B6324 /* PlaySoundsViewController.swift */ = {isa = PBXFileReference; fileEncoding = 4; lastKnownFileType = sourcecode.swift; path = PlaySoundsViewController.swift; sourceTree = "<group>"; };
		640DA0341DA5337C003B6324 /* PlaySoundsViewController+Audio.swift */ = {isa = PBXFileReference; fileEncoding = 4; lastKnownFileType = sourcecode.swift; path = "PlaySoundsViewController+Audio.swift"; sourceTree = "<group>"; };
		641616311DA288B200D389AC /* PitchPerfect.app */ = {isa = PBXFileReference; explicitFileType = wrapper.application; includeInIndex = 0; path = PitchPerfect.app; sourceTree = BUILT_PRODUCTS_DIR; };
		641616341DA288B200D389AC /* AppDelegate.swift */ = {isa = PBXFileReference; lastKnownFileType = sourcecode.swift; path = AppDelegate.swift; sourceTree = "<group>"; };
		641616361DA288B200D389AC /* RecordSoundsViewController.swift */ = {isa = PBXFileReference; lastKnownFileType = sourcecode.swift; path = RecordSoundsViewController.swift; sourceTree = "<group>"; };
		641616391DA288B200D389AC /* Base */ = {isa = PBXFileReference; lastKnownFileType = file.storyboard; name = Base; path = Base.lproj/Main.storyboard; sourceTree = "<group>"; };
		6416163B1DA288B200D389AC /* Assets.xcassets */ = {isa = PBXFileReference; lastKnownFileType = folder.assetcatalog; path = Assets.xcassets; sourceTree = "<group>"; };
		6416163E1DA288B200D389AC /* Base */ = {isa = PBXFileReference; lastKnownFileType = file.storyboard; name = Base; path = Base.lproj/LaunchScreen.storyboard; sourceTree = "<group>"; };
		641616401DA288B200D389AC /* Info.plist */ = {isa = PBXFileReference; lastKnownFileType = text.plist.xml; path = Info.plist; sourceTree = "<group>"; };
/* End PBXFileReference section */

/* Begin PBXFrameworksBuildPhase section */
		6416162E1DA288B100D389AC /* Frameworks */ = {
			isa = PBXFrameworksBuildPhase;
			buildActionMask = 2147483647;
			files = (
			);
			runOnlyForDeploymentPostprocessing = 0;
		};
/* End PBXFrameworksBuildPhase section */

/* Begin PBXGroup section */
		641616281DA288B100D389AC = {
			isa = PBXGroup;
			children = (
				641616331DA288B200D389AC /* PitchPerfect */,
				641616321DA288B200D389AC /* Products */,
			);
			sourceTree = "<group>";
		};
		641616321DA288B200D389AC /* Products */ = {
			isa = PBXGroup;
			children = (
				641616311DA288B200D389AC /* PitchPerfect.app */,
			);
			name = Products;
			sourceTree = "<group>";
		};
		641616331DA288B200D389AC /* PitchPerfect */ = {
			isa = PBXGroup;
			children = (
				641616341DA288B200D389AC /* AppDelegate.swift */,
				641616361DA288B200D389AC /* RecordSoundsViewController.swift */,
				640DA0321DA52B08003B6324 /* PlaySoundsViewController.swift */,
				640DA0341DA5337C003B6324 /* PlaySoundsViewController+Audio.swift */,
				641616381DA288B200D389AC /* Main.storyboard */,
				641616461DA288F100D389AC /* Supporting Files */,
			);
			path = PitchPerfect;
			sourceTree = "<group>";
		};
		641616461DA288F100D389AC /* Supporting Files */ = {
			isa = PBXGroup;
			children = (
				6416163B1DA288B200D389AC /* Assets.xcassets */,
				6416163D1DA288B200D389AC /* LaunchScreen.storyboard */,
				641616401DA288B200D389AC /* Info.plist */,
			);
			name = "Supporting Files";
			sourceTree = "<group>";
		};
/* End PBXGroup section */

/* Begin PBXNativeTarget section */
		641616301DA288B100D389AC /* PitchPerfect */ = {
			isa = PBXNativeTarget;
			buildConfigurationList = 641616431DA288B200D389AC /* Build configuration list for PBXNativeTarget "PitchPerfect" */;
			buildPhases = (
				6416162D1DA288B100D389AC /* Sources */,
				6416162E1DA288B100D389AC /* Frameworks */,
				6416162F1DA288B100D389AC /* Resources */,
			);
			buildRules = (
			);
			dependencies = (
			);
			name = PitchPerfect;
			productName = PitchPerfect;
			productReference = 641616311DA288B200D389AC /* PitchPerfect.app */;
			productType = "com.apple.product-type.application";
		};
/* End PBXNativeTarget section */

/* Begin PBXProject section */
		641616291DA288B100D389AC /* Project object */ = {
			isa = PBXProject;
			attributes = {
				KnownAssetTags = (
					New,
				);
				LastSwiftUpdateCheck = 0800;
				LastUpgradeCheck = 0800;
				ORGANIZATIONNAME = "Baskaran T";
				TargetAttributes = {
					641616301DA288B100D389AC = {
						CreatedOnToolsVersion = 8.0;
						DevelopmentTeam = DFE8338JD3;
						ProvisioningStyle = Automatic;
					};
				};
			};
			buildConfigurationList = 6416162C1DA288B100D389AC /* Build configuration list for PBXProject "PitchPerfect" */;
			compatibilityVersion = "Xcode 3.2";
			developmentRegion = English;
			hasScannedForEncodings = 0;
			knownRegions = (
				en,
				Base,
			);
			mainGroup = 641616281DA288B100D389AC;
			productRefGroup = 641616321DA288B200D389AC /* Products */;
			projectDirPath = "";
			projectRoot = "";
			targets = (
				641616301DA288B100D389AC /* PitchPerfect */,
			);
		};
/* End PBXProject section */

/* Begin PBXResourcesBuildPhase section */
		6416162F1DA288B100D389AC /* Resources */ = {
			isa = PBXResourcesBuildPhase;
			buildActionMask = 2147483647;
			files = (
				6416163F1DA288B200D389AC /* LaunchScreen.storyboard in Resources */,
				6416163C1DA288B200D389AC /* Assets.xcassets in Resources */,
				6416163A1DA288B200D389AC /* Main.storyboard in Resources */,
			);
			runOnlyForDeploymentPostprocessing = 0;
		};
/* End PBXResourcesBuildPhase section */

/* Begin PBXSourcesBuildPhase section */
		6416162D1DA288B100D389AC /* Sources */ = {
			isa = PBXSourcesBuildPhase;
			buildActionMask = 2147483647;
			files = (
				641616371DA288B200D389AC /* RecordSoundsViewController.swift in Sources */,
				640DA0351DA5337C003B6324 /* PlaySoundsViewController+Audio.swift in Sources */,
				640DA0331DA52B08003B6324 /* PlaySoundsViewController.swift in Sources */,
				641616351DA288B200D389AC /* AppDelegate.swift in Sources */,
			);
			runOnlyForDeploymentPostprocessing = 0;
		};
/* End PBXSourcesBuildPhase section */

/* Begin PBXVariantGroup section */
		641616381DA288B200D389AC /* Main.storyboard */ = {
			isa = PBXVariantGroup;
			children = (
				641616391DA288B200D389AC /* Base */,
			);
			name = Main.storyboard;
			sourceTree = "<group>";
		};
		6416163D1DA288B200D389AC /* LaunchScreen.storyboard */ = {
			isa = PBXVariantGroup;
			children = (
				6416163E1DA288B200D389AC /* Base */,
			);
			name = LaunchScreen.storyboard;
			sourceTree = "<group>";
		};
/* End PBXVariantGroup section */

/* Begin XCBuildConfiguration section */
		641616411DA288B200D389AC /* Debug */ = {
			isa = XCBuildConfiguration;
			buildSettings = {
				ALWAYS_SEARCH_USER_PATHS = NO;
				CLANG_ANALYZER_NONNULL = YES;
				CLANG_CXX_LANGUAGE_STANDARD = "gnu++0x";
				CLANG_CXX_LIBRARY = "libc++";
				CLANG_ENABLE_MODULES = YES;
				CLANG_ENABLE_OBJC_ARC = YES;
				CLANG_WARN_BOOL_CONVERSION = YES;
				CLANG_WARN_CONSTANT_CONVERSION = YES;
				CLANG_WARN_DIRECT_OBJC_ISA_USAGE = YES_ERROR;
				CLANG_WARN_DOCUMENTATION_COMMENTS = YES;
				CLANG_WARN_EMPTY_BODY = YES;
				CLANG_WARN_ENUM_CONVERSION = YES;
				CLANG_WARN_INFINITE_RECURSION = YES;
				CLANG_WARN_INT_CONVERSION = YES;
				CLANG_WARN_OBJC_ROOT_CLASS = YES_ERROR;
				CLANG_WARN_SUSPICIOUS_MOVES = YES;
				CLANG_WARN_UNREACHABLE_CODE = YES;
				CLANG_WARN__DUPLICATE_METHOD_MATCH = YES;
				"CODE_SIGN_IDENTITY[sdk=iphoneos*]" = "iPhone Developer";
				COPY_PHASE_STRIP = NO;
				DEBUG_INFORMATION_FORMAT = dwarf;
				ENABLE_STRICT_OBJC_MSGSEND = YES;
				ENABLE_TESTABILITY = YES;
				GCC_C_LANGUAGE_STANDARD = gnu99;
				GCC_DYNAMIC_NO_PIC = NO;
				GCC_NO_COMMON_BLOCKS = YES;
				GCC_OPTIMIZATION_LEVEL = 0;
				GCC_PREPROCESSOR_DEFINITIONS = (
					"DEBUG=1",
					"$(inherited)",
				);
				GCC_WARN_64_TO_32_BIT_CONVERSION = YES;
				GCC_WARN_ABOUT_RETURN_TYPE = YES_ERROR;
				GCC_WARN_UNDECLARED_SELECTOR = YES;
				GCC_WARN_UNINITIALIZED_AUTOS = YES_AGGRESSIVE;
				GCC_WARN_UNUSED_FUNCTION = YES;
				GCC_WARN_UNUSED_VARIABLE = YES;
				IPHONEOS_DEPLOYMENT_TARGET = 10.0;
				MTL_ENABLE_DEBUG_INFO = YES;
				ONLY_ACTIVE_ARCH = YES;
				SDKROOT = iphoneos;
				SWIFT_ACTIVE_COMPILATION_CONDITIONS = DEBUG;
				SWIFT_OPTIMIZATION_LEVEL = "-Onone";
			};
			name = Debug;
		};
		641616421DA288B200D389AC /* Release */ = {
			isa = XCBuildConfiguration;
			buildSettings = {
				ALWAYS_SEARCH_USER_PATHS = NO;
				CLANG_ANALYZER_NONNULL = YES;
				CLANG_CXX_LANGUAGE_STANDARD = "gnu++0x";
				CLANG_CXX_LIBRARY = "libc++";
				CLANG_ENABLE_MODULES = YES;
				CLANG_ENABLE_OBJC_ARC = YES;
				CLANG_WARN_BOOL_CONVERSION = YES;
				CLANG_WARN_CONSTANT_CONVERSION = YES;
				CLANG_WARN_DIRECT_OBJC_ISA_USAGE = YES_ERROR;
				CLANG_WARN_DOCUMENTATION_COMMENTS = YES;
				CLANG_WARN_EMPTY_BODY = YES;
				CLANG_WARN_ENUM_CONVERSION = YES;
				CLANG_WARN_INFINITE_RECURSION = YES;
				CLANG_WARN_INT_CONVERSION = YES;
				CLANG_WARN_OBJC_ROOT_CLASS = YES_ERROR;
				CLANG_WARN_SUSPICIOUS_MOVES = YES;
				CLANG_WARN_UNREACHABLE_CODE = YES;
				CLANG_WARN__DUPLICATE_METHOD_MATCH = YES;
				"CODE_SIGN_IDENTITY[sdk=iphoneos*]" = "iPhone Developer";
				COPY_PHASE_STRIP = NO;
				DEBUG_INFORMATION_FORMAT = "dwarf-with-dsym";
				ENABLE_NS_ASSERTIONS = NO;
				ENABLE_STRICT_OBJC_MSGSEND = YES;
				GCC_C_LANGUAGE_STANDARD = gnu99;
				GCC_NO_COMMON_BLOCKS = YES;
				GCC_WARN_64_TO_32_BIT_CONVERSION = YES;
				GCC_WARN_ABOUT_RETURN_TYPE = YES_ERROR;
				GCC_WARN_UNDECLARED_SELECTOR = YES;
				GCC_WARN_UNINITIALIZED_AUTOS = YES_AGGRESSIVE;
				GCC_WARN_UNUSED_FUNCTION = YES;
				GCC_WARN_UNUSED_VARIABLE = YES;
				IPHONEOS_DEPLOYMENT_TARGET = 10.0;
				MTL_ENABLE_DEBUG_INFO = NO;
				SDKROOT = iphoneos;
				SWIFT_OPTIMIZATION_LEVEL = "-Owholemodule";
				VALIDATE_PRODUCT = YES;
			};
			name = Release;
		};
		641616441DA288B200D389AC /* Debug */ = {
			isa = XCBuildConfiguration;
			buildSettings = {
				ASSETCATALOG_COMPILER_APPICON_NAME = AppIcon;
				DEVELOPMENT_TEAM = DFE8338JD3;
				INFOPLIST_FILE = PitchPerfect/Info.plist;
				IPHONEOS_DEPLOYMENT_TARGET = 9.0;
				LD_RUNPATH_SEARCH_PATHS = "$(inherited) @executable_path/Frameworks";
				PRODUCT_BUNDLE_IDENTIFIER = com.boss.PitchPerfect;
				PRODUCT_NAME = "$(TARGET_NAME)";
				SWIFT_VERSION = 3.0;
			};
			name = Debug;
		};
		641616451DA288B200D389AC /* Release */ = {
			isa = XCBuildConfiguration;
			buildSettings = {
				ASSETCATALOG_COMPILER_APPICON_NAME = AppIcon;
				DEVELOPMENT_TEAM = DFE8338JD3;
				INFOPLIST_FILE = PitchPerfect/Info.plist;
				IPHONEOS_DEPLOYMENT_TARGET = 9.0;
				LD_RUNPATH_SEARCH_PATHS = "$(inherited) @executable_path/Frameworks";
				PRODUCT_BUNDLE_IDENTIFIER = com.boss.PitchPerfect;
				PRODUCT_NAME = "$(TARGET_NAME)";
				SWIFT_VERSION = 3.0;
			};
			name = Release;
		};
/* End XCBuildConfiguration section */

/* Begin XCConfigurationList section */
		6416162C1DA288B100D389AC /* Build configuration list for PBXProject "PitchPerfect" */ = {
			isa = XCConfigurationList;
			buildConfigurations = (
				641616411DA288B200D389AC /* Debug */,
				641616421DA288B200D389AC /* Release */,
			);
			defaultConfigurationIsVisible = 0;
			defaultConfigurationName = Release;
		};
		641616431DA288B200D389AC /* Build configuration list for PBXNativeTarget "PitchPerfect" */ = {
			isa = XCConfigurationList;
			buildConfigurations = (
				641616441DA288B200D389AC /* Debug */,
				641616451DA288B200D389AC /* Release */,
			);
			defaultConfigurationIsVisible = 0;
			defaultConfigurationName = Release;
		};
/* End XCConfigurationList section */
	};
	rootObject = 641616291DA288B100D389AC /* Project object */;
}
